
Microsoft Visual Studio Solution File, Format Version 12.00
# Visual Studio Version 17
VisualStudioVersion = 17.9.34622.214
MinimumVisualStudioVersion = 10.0.40219.1
Project("{8BC9CEB8-8B4A-11D0-8D11-00A0C91BC942}") = "SFT-Group1-Project", "SFT-Group1-Project\SFT-Group1-Project.vcxproj", "{DB0CF2A6-7432-49BD-83AC-CA462A6AFA06}"
EndProject
Project("{8BC9CEB8-8B4A-11D0-8D11-00A0C91BC942}") = "SFT-Group1-TestingProject", "SFT-Group1-TestingProject\SFT-Group1-TestingProject.vcxproj", "{7687B822-0548-44EE-BB9A-D5937A169EBF}"
EndProject
Global
	GlobalSection(SolutionConfigurationPlatforms) = preSolution
		Debug|x64 = Debug|x64
		Debug|x86 = Debug|x86
		Release|x64 = Release|x64
		Release|x86 = Release|x86
	EndGlobalSection
	GlobalSection(ProjectConfigurationPlatforms) = postSolution
		{DB0CF2A6-7432-49BD-83AC-CA462A6AFA06}.Debug|x64.ActiveCfg = Debug|x64
		{DB0CF2A6-7432-49BD-83AC-CA462A6AFA06}.Debug|x64.Build.0 = Debug|x64
		{DB0CF2A6-7432-49BD-83AC-CA462A6AFA06}.Debug|x86.ActiveCfg = Debug|Win32
		{DB0CF2A6-7432-49BD-83AC-CA462A6AFA06}.Debug|x86.Build.0 = Debug|Win32
		{DB0CF2A6-7432-49BD-83AC-CA462A6AFA06}.Release|x64.ActiveCfg = Release|x64
		{DB0CF2A6-7432-49BD-83AC-CA462A6AFA06}.Release|x64.Build.0 = Release|x64
		{DB0CF2A6-7432-49BD-83AC-CA462A6AFA06}.Release|x86.ActiveCfg = Release|Win32
		{DB0CF2A6-7432-49BD-83AC-CA462A6AFA06}.Release|x86.Build.0 = Release|Win32
		{7687B822-0548-44EE-BB9A-D5937A169EBF}.Debug|x64.ActiveCfg = Debug|x64
		{7687B822-0548-44EE-BB9A-D5937A169EBF}.Debug|x64.Build.0 = Debug|x64
		{7687B822-0548-44EE-BB9A-D5937A169EBF}.Debug|x86.ActiveCfg = Debug|Win32
		{7687B822-0548-44EE-BB9A-D5937A169EBF}.Debug|x86.Build.0 = Debug|Win32
		{7687B822-0548-44EE-BB9A-D5937A169EBF}.Release|x64.ActiveCfg = Release|x64
		{7687B822-0548-44EE-BB9A-D5937A169EBF}.Release|x64.Build.0 = Release|x64
		{7687B822-0548-44EE-BB9A-D5937A169EBF}.Release|x86.ActiveCfg = Release|Win32
		{7687B822-0548-44EE-BB9A-D5937A169EBF}.Release|x86.Build.0 = Release|Win32
	EndGlobalSection
	GlobalSection(SolutionProperties) = preSolution
		HideSolutionNode = FALSE
	EndGlobalSection
	GlobalSection(ExtensibilityGlobals) = postSolution
		SolutionGuid = {BED7C2DE-94ED-4AA1-9C2A-AC8B1EE7AFF6}
	EndGlobalSection
EndGlobal
